// !$*UTF8*$!
{
	archiveVersion = 1;
	classes = {
	};
	objectVersion = 50;
	objects = {

/* Begin PBXBuildFile section */
		D35FE28124F2A056006B477E /* AppDelegate.swift in Sources */ = {isa = PBXBuildFile; fileRef = D35FE28024F2A056006B477E /* AppDelegate.swift */; };
		D35FE28324F2A056006B477E /* SceneDelegate.swift in Sources */ = {isa = PBXBuildFile; fileRef = D35FE28224F2A056006B477E /* SceneDelegate.swift */; };
		D35FE28624F2A056006B477E /* SwiftUI_ResTAPI_Example.xcdatamodeld in Sources */ = {isa = PBXBuildFile; fileRef = D35FE28424F2A056006B477E /* SwiftUI_ResTAPI_Example.xcdatamodeld */; };
		D35FE28824F2A056006B477E /* ContentView.swift in Sources */ = {isa = PBXBuildFile; fileRef = D35FE28724F2A056006B477E /* ContentView.swift */; };
		D35FE28A24F2A058006B477E /* Assets.xcassets in Resources */ = {isa = PBXBuildFile; fileRef = D35FE28924F2A058006B477E /* Assets.xcassets */; };
		D35FE28D24F2A058006B477E /* Preview Assets.xcassets in Resources */ = {isa = PBXBuildFile; fileRef = D35FE28C24F2A058006B477E /* Preview Assets.xcassets */; };
		D35FE29024F2A058006B477E /* LaunchScreen.storyboard in Resources */ = {isa = PBXBuildFile; fileRef = D35FE28E24F2A058006B477E /* LaunchScreen.storyboard */; };
/* End PBXBuildFile section */

/* Begin PBXFileReference section */
		D35FE27D24F2A056006B477E /* SwiftUI_ResTAPI_Example.app */ = {isa = PBXFileReference; explicitFileType = wrapper.application; includeInIndex = 0; path = SwiftUI_ResTAPI_Example.app; sourceTree = BUILT_PRODUCTS_DIR; };
		D35FE28024F2A056006B477E /* AppDelegate.swift */ = {isa = PBXFileReference; lastKnownFileType = sourcecode.swift; path = AppDelegate.swift; sourceTree = "<group>"; };
		D35FE28224F2A056006B477E /* SceneDelegate.swift */ = {isa = PBXFileReference; lastKnownFileType = sourcecode.swift; path = SceneDelegate.swift; sourceTree = "<group>"; };
		D35FE28524F2A056006B477E /* SwiftUI_ResTAPI_Example.xcdatamodel */ = {isa = PBXFileReference; lastKnownFileType = wrapper.xcdatamodel; path = SwiftUI_ResTAPI_Example.xcdatamodel; sourceTree = "<group>"; };
		D35FE28724F2A056006B477E /* ContentView.swift */ = {isa = PBXFileReference; lastKnownFileType = sourcecode.swift; path = ContentView.swift; sourceTree = "<group>"; };
		D35FE28924F2A058006B477E /* Assets.xcassets */ = {isa = PBXFileReference; lastKnownFileType = folder.assetcatalog; path = Assets.xcassets; sourceTree = "<group>"; };
		D35FE28C24F2A058006B477E /* Preview Assets.xcassets */ = {isa = PBXFileReference; lastKnownFileType = folder.assetcatalog; path = "Preview Assets.xcassets"; sourceTree = "<group>"; };
		D35FE28F24F2A058006B477E /* Base */ = {isa = PBXFileReference; lastKnownFileType = file.storyboard; name = Base; path = Base.lproj/LaunchScreen.storyboard; sourceTree = "<group>"; };
		D35FE29124F2A058006B477E /* Info.plist */ = {isa = PBXFileReference; lastKnownFileType = text.plist.xml; path = Info.plist; sourceTree = "<group>"; };
/* End PBXFileReference section */

/* Begin PBXFrameworksBuildPhase section */
		D35FE27A24F2A056006B477E /* Frameworks */ = {
			isa = PBXFrameworksBuildPhase;
			buildActionMask = 2147483647;
			files = (
			);
			runOnlyForDeploymentPostprocessing = 0;
		};
/* End PBXFrameworksBuildPhase section */

/* Begin PBXGroup section */
		D35FE27424F2A056006B477E = {
			isa = PBXGroup;
			children = (
				D35FE27F24F2A056006B477E /* SwiftUI_ResTAPI_Example */,
				D35FE27E24F2A056006B477E /* Products */,
			);
			sourceTree = "<group>";
		};
		D35FE27E24F2A056006B477E /* Products */ = {
			isa = PBXGroup;
			children = (
				D35FE27D24F2A056006B477E /* SwiftUI_ResTAPI_Example.app */,
			);
			name = Products;
			sourceTree = "<group>";
		};
		D35FE27F24F2A056006B477E /* SwiftUI_ResTAPI_Example */ = {
			isa = PBXGroup;
			children = (
				D35FE28024F2A056006B477E /* AppDelegate.swift */,
				D35FE28224F2A056006B477E /* SceneDelegate.swift */,
				D35FE28724F2A056006B477E /* ContentView.swift */,
				D35FE28924F2A058006B477E /* Assets.xcassets */,
				D35FE28E24F2A058006B477E /* LaunchScreen.storyboard */,
				D35FE29124F2A058006B477E /* Info.plist */,
				D35FE28424F2A056006B477E /* SwiftUI_ResTAPI_Example.xcdatamodeld */,
				D35FE28B24F2A058006B477E /* Preview Content */,
			);
			path = SwiftUI_ResTAPI_Example;
			sourceTree = "<group>";
		};
		D35FE28B24F2A058006B477E /* Preview Content */ = {
			isa = PBXGroup;
			children = (
				D35FE28C24F2A058006B477E /* Preview Assets.xcassets */,
			);
			path = "Preview Content";
			sourceTree = "<group>";
		};
/* End PBXGroup section */

/* Begin PBXNativeTarget section */
		D35FE27C24F2A056006B477E /* SwiftUI_ResTAPI_Example */ = {
			isa = PBXNativeTarget;
			buildConfigurationList = D35FE29424F2A058006B477E /* Build configuration list for PBXNativeTarget "SwiftUI_ResTAPI_Example" */;
			buildPhases = (
				D35FE27924F2A056006B477E /* Sources */,
				D35FE27A24F2A056006B477E /* Frameworks */,
				D35FE27B24F2A056006B477E /* Resources */,
			);
			buildRules = (
			);
			dependencies = (
			);
			name = SwiftUI_ResTAPI_Example;
			productName = SwiftUI_ResTAPI_Example;
			productReference = D35FE27D24F2A056006B477E /* SwiftUI_ResTAPI_Example.app */;
			productType = "com.apple.product-type.application";
		};
/* End PBXNativeTarget section */

/* Begin PBXProject section */
		D35FE27524F2A056006B477E /* Project object */ = {
			isa = PBXProject;
			attributes = {
				LastSwiftUpdateCheck = 1140;
				LastUpgradeCheck = 1140;
				ORGANIZATIONNAME = "wisdom nwokocha";
				TargetAttributes = {
					D35FE27C24F2A056006B477E = {
						CreatedOnToolsVersion = 11.4;
					};
				};
			};
			buildConfigurationList = D35FE27824F2A056006B477E /* Build configuration list for PBXProject "SwiftUI_ResTAPI_Example" */;
			compatibilityVersion = "Xcode 9.3";
			developmentRegion = en;
			hasScannedForEncodings = 0;
			knownRegions = (
				en,
				Base,
			);
			mainGroup = D35FE27424F2A056006B477E;
			productRefGroup = D35FE27E24F2A056006B477E /* Products */;
			projectDirPath = "";
			projectRoot = "";
			targets = (
				D35FE27C24F2A056006B477E /* SwiftUI_ResTAPI_Example */,
			);
		};
/* End PBXProject section */

/* Begin PBXResourcesBuildPhase section */
		D35FE27B24F2A056006B477E /* Resources */ = {
			isa = PBXResourcesBuildPhase;
			buildActionMask = 2147483647;
			files = (
				D35FE29024F2A058006B477E /* LaunchScreen.storyboard in Resources */,
				D35FE28D24F2A058006B477E /* Preview Assets.xcassets in Resources */,
				D35FE28A24F2A058006B477E /* Assets.xcassets in Resources */,
			);
			runOnlyForDeploymentPostprocessing = 0;
		};
/* End PBXResourcesBuildPhase section */

/* Begin PBXSourcesBuildPhase section */
		D35FE27924F2A056006B477E /* Sources */ = {
			isa = PBXSourcesBuildPhase;
			buildActionMask = 2147483647;
			files = (
				D35FE28124F2A056006B477E /* AppDelegate.swift in Sources */,
				D35FE28324F2A056006B477E /* SceneDelegate.swift in Sources */,
				D35FE28824F2A056006B477E /* ContentView.swift in Sources */,
				D35FE28624F2A056006B477E /* SwiftUI_ResTAPI_Example.xcdatamodeld in Sources */,
			);
			runOnlyForDeploymentPostprocessing = 0;
		};
/* End PBXSourcesBuildPhase section */

/* Begin PBXVariantGroup section */
		D35FE28E24F2A058006B477E /* LaunchScreen.storyboard */ = {
			isa = PBXVariantGroup;
			children = (
				D35FE28F24F2A058006B477E /* Base */,
			);
			name = LaunchScreen.storyboard;
			sourceTree = "<group>";
		};
/* End PBXVariantGroup section */

/* Begin XCBuildConfiguration section */
		D35FE29224F2A058006B477E /* Debug */ = {
			isa = XCBuildConfiguration;
			buildSettings = {
				ALWAYS_SEARCH_USER_PATHS = NO;
				CLANG_ANALYZER_NONNULL = YES;
				CLANG_ANALYZER_NUMBER_OBJECT_CONVERSION = YES_AGGRESSIVE;
				CLANG_CXX_LANGUAGE_STANDARD = "gnu++14";
				CLANG_CXX_LIBRARY = "libc++";
				CLANG_ENABLE_MODULES = YES;
				CLANG_ENABLE_OBJC_ARC = YES;
				CLANG_ENABLE_OBJC_WEAK = YES;
				CLANG_WARN_BLOCK_CAPTURE_AUTORELEASING = YES;
				CLANG_WARN_BOOL_CONVERSION = YES;
				CLANG_WARN_COMMA = YES;
				CLANG_WARN_CONSTANT_CONVERSION = YES;
				CLANG_WARN_DEPRECATED_OBJC_IMPLEMENTATIONS = YES;
				CLANG_WARN_DIRECT_OBJC_ISA_USAGE = YES_ERROR;
				CLANG_WARN_DOCUMENTATION_COMMENTS = YES;
				CLANG_WARN_EMPTY_BODY = YES;
				CLANG_WARN_ENUM_CONVERSION = YES;
				CLANG_WARN_INFINITE_RECURSION = YES;
				CLANG_WARN_INT_CONVERSION = YES;
				CLANG_WARN_NON_LITERAL_NULL_CONVERSION = YES;
				CLANG_WARN_OBJC_IMPLICIT_RETAIN_SELF = YES;
				CLANG_WARN_OBJC_LITERAL_CONVERSION = YES;
				CLANG_WARN_OBJC_ROOT_CLASS = YES_ERROR;
				CLANG_WARN_RANGE_LOOP_ANALYSIS = YES;
				CLANG_WARN_STRICT_PROTOTYPES = YES;
				CLANG_WARN_SUSPICIOUS_MOVE = YES;
				CLANG_WARN_UNGUARDED_AVAILABILITY = YES_AGGRESSIVE;
				CLANG_WARN_UNREACHABLE_CODE = YES;
				CLANG_WARN__DUPLICATE_METHOD_MATCH = YES;
				COPY_PHASE_STRIP = NO;
				DEBUG_INFORMATION_FORMAT = dwarf;
				ENABLE_STRICT_OBJC_MSGSEND = YES;
				ENABLE_TESTABILITY = YES;
				GCC_C_LANGUAGE_STANDARD = gnu11;
				GCC_DYNAMIC_NO_PIC = NO;
				GCC_NO_COMMON_BLOCKS = YES;
				GCC_OPTIMIZATION_LEVEL = 0;
				GCC_PREPROCESSOR_DEFINITIONS = (
					"DEBUG=1",
					"$(inherited)",
				);
				GCC_WARN_64_TO_32_BIT_CONVERSION = YES;
				GCC_WARN_ABOUT_RETURN_TYPE = YES_ERROR;
				GCC_WARN_UNDECLARED_SELECTOR = YES;
				GCC_WARN_UNINITIALIZED_AUTOS = YES_AGGRESSIVE;
				GCC_WARN_UNUSED_FUNCTION = YES;
				GCC_WARN_UNUSED_VARIABLE = YES;
				IPHONEOS_DEPLOYMENT_TARGET = 13.4;
				MTL_ENABLE_DEBUG_INFO = INCLUDE_SOURCE;
				MTL_FAST_MATH = YES;
				ONLY_ACTIVE_ARCH = YES;
				SDKROOT = iphoneos;
				SWIFT_ACTIVE_COMPILATION_CONDITIONS = DEBUG;
				SWIFT_OPTIMIZATION_LEVEL = "-Onone";
			};
			name = Debug;
		};
		D35FE29324F2A058006B477E /* Release */ = {
			isa = XCBuildConfiguration;
			buildSettings = {
				ALWAYS_SEARCH_USER_PATHS = NO;
				CLANG_ANALYZER_NONNULL = YES;
				CLANG_ANALYZER_NUMBER_OBJECT_CONVERSION = YES_AGGRESSIVE;
				CLANG_CXX_LANGUAGE_STANDARD = "gnu++14";
				CLANG_CXX_LIBRARY = "libc++";
				CLANG_ENABLE_MODULES = YES;
				CLANG_ENABLE_OBJC_ARC = YES;
				CLANG_ENABLE_OBJC_WEAK = YES;
				CLANG_WARN_BLOCK_CAPTURE_AUTORELEASING = YES;
				CLANG_WARN_BOOL_CONVERSION = YES;
				CLANG_WARN_COMMA = YES;
				CLANG_WARN_CONSTANT_CONVERSION = YES;
				CLANG_WARN_DEPRECATED_OBJC_IMPLEMENTATIONS = YES;
				CLANG_WARN_DIRECT_OBJC_ISA_USAGE = YES_ERROR;
				CLANG_WARN_DOCUMENTATION_COMMENTS = YES;
				CLANG_WARN_EMPTY_BODY = YES;
				CLANG_WARN_ENUM_CONVERSION = YES;
				CLANG_WARN_INFINITE_RECURSION = YES;
				CLANG_WARN_INT_CONVERSION = YES;
				CLANG_WARN_NON_LITERAL_NULL_CONVERSION = YES;
				CLANG_WARN_OBJC_IMPLICIT_RETAIN_SELF = YES;
				CLANG_WARN_OBJC_LITERAL_CONVERSION = YES;
				CLANG_WARN_OBJC_ROOT_CLASS = YES_ERROR;
				CLANG_WARN_RANGE_LOOP_ANALYSIS = YES;
				CLANG_WARN_STRICT_PROTOTYPES = YES;
				CLANG_WARN_SUSPICIOUS_MOVE = YES;
				CLANG_WARN_UNGUARDED_AVAILABILITY = YES_AGGRESSIVE;
				CLANG_WARN_UNREACHABLE_CODE = YES;
				CLANG_WARN__DUPLICATE_METHOD_MATCH = YES;
				COPY_PHASE_STRIP = NO;
				DEBUG_INFORMATION_FORMAT = "dwarf-with-dsym";
				ENABLE_NS_ASSERTIONS = NO;
				ENABLE_STRICT_OBJC_MSGSEND = YES;
				GCC_C_LANGUAGE_STANDARD = gnu11;
				GCC_NO_COMMON_BLOCKS = YES;
				GCC_WARN_64_TO_32_BIT_CONVERSION = YES;
				GCC_WARN_ABOUT_RETURN_TYPE = YES_ERROR;
				GCC_WARN_UNDECLARED_SELECTOR = YES;
				GCC_WARN_UNINITIALIZED_AUTOS = YES_AGGRESSIVE;
				GCC_WARN_UNUSED_FUNCTION = YES;
				GCC_WARN_UNUSED_VARIABLE = YES;
				IPHONEOS_DEPLOYMENT_TARGET = 13.4;
				MTL_ENABLE_DEBUG_INFO = NO;
				MTL_FAST_MATH = YES;
				SDKROOT = iphoneos;
				SWIFT_COMPILATION_MODE = wholemodule;
				SWIFT_OPTIMIZATION_LEVEL = "-O";
				VALIDATE_PRODUCT = YES;
			};
			name = Release;
		};
		D35FE29524F2A058006B477E /* Debug */ = {
			isa = XCBuildConfiguration;
			buildSettings = {
				ASSETCATALOG_COMPILER_APPICON_NAME = AppIcon;
				CODE_SIGN_STYLE = Automatic;
				DEVELOPMENT_ASSET_PATHS = "\"SwiftUI_ResTAPI_Example/Preview Content\"";
				ENABLE_PREVIEWS = YES;
				INFOPLIST_FILE = SwiftUI_ResTAPI_Example/Info.plist;
				LD_RUNPATH_SEARCH_PATHS = (
					"$(inherited)",
					"@executable_path/Frameworks",
				);
				PRODUCT_BUNDLE_IDENTIFIER = "com.dev.restapiexample.SwiftUI-ResTAPI-Example";
				PRODUCT_NAME = "$(TARGET_NAME)";
				SWIFT_VERSION = 5.0;
				TARGETED_DEVICE_FAMILY = "1,2";
			};
			name = Debug;
		};
		D35FE29624F2A058006B477E /* Release */ = {
			isa = XCBuildConfiguration;
			buildSettings = {
				ASSETCATALOG_COMPILER_APPICON_NAME = AppIcon;
				CODE_SIGN_STYLE = Automatic;
				DEVELOPMENT_ASSET_PATHS = "\"SwiftUI_ResTAPI_Example/Preview Content\"";
				ENABLE_PREVIEWS = YES;
				INFOPLIST_FILE = SwiftUI_ResTAPI_Example/Info.plist;
				LD_RUNPATH_SEARCH_PATHS = (
					"$(inherited)",
					"@executable_path/Frameworks",
				);
				PRODUCT_BUNDLE_IDENTIFIER = "com.dev.restapiexample.SwiftUI-ResTAPI-Example";
				PRODUCT_NAME = "$(TARGET_NAME)";
				SWIFT_VERSION = 5.0;
				TARGETED_DEVICE_FAMILY = "1,2";
			};
			name = Release;
		};
/* End XCBuildConfiguration section */

/* Begin XCConfigurationList section */
		D35FE27824F2A056006B477E /* Build configuration list for PBXProject "SwiftUI_ResTAPI_Example" */ = {
			isa = XCConfigurationList;
			buildConfigurations = (
				D35FE29224F2A058006B477E /* Debug */,
				D35FE29324F2A058006B477E /* Release */,
			);
			defaultConfigurationIsVisible = 0;
			defaultConfigurationName = Release;
		};
		D35FE29424F2A058006B477E /* Build configuration list for PBXNativeTarget "SwiftUI_ResTAPI_Example" */ = {
			isa = XCConfigurationList;
			buildConfigurations = (
				D35FE29524F2A058006B477E /* Debug */,
				D35FE29624F2A058006B477E /* Release */,
			);
			defaultConfigurationIsVisible = 0;
			defaultConfigurationName = Release;
		};
/* End XCConfigurationList section */

/* Begin XCVersionGroup section */
		D35FE28424F2A056006B477E /* SwiftUI_ResTAPI_Example.xcdatamodeld */ = {
			isa = XCVersionGroup;
			children = (
				D35FE28524F2A056006B477E /* SwiftUI_ResTAPI_Example.xcdatamodel */,
			);
			currentVersion = D35FE28524F2A056006B477E /* SwiftUI_ResTAPI_Example.xcdatamodel */;
			path = SwiftUI_ResTAPI_Example.xcdatamodeld;
			sourceTree = "<group>";
			versionGroupType = wrapper.xcdatamodel;
		};
/* End XCVersionGroup section */
	};
	rootObject = D35FE27524F2A056006B477E /* Project object */;
}
